// !$*UTF8*$!
{
	archiveVersion = 1;
	classes = {
	};
	objectVersion = 70;
	objects = {

/* Begin PBXBuildFile section */
		885382EE2CCB05CC00BEBBE0 /* Ciudad Berlin.jpg in Resources */ = {isa = PBXBuildFile; fileRef = 885382E82CCB05CC00BEBBE0 /* Ciudad Berlin.jpg */; };
		885382EF2CCB05CC00BEBBE0 /* Archivo LatLon Ciudades.rtf in Resources */ = {isa = PBXBuildFile; fileRef = 885382E72CCB05CC00BEBBE0 /* Archivo LatLon Ciudades.rtf */; };
		885382F02CCB05CC00BEBBE0 /* Ciudad Washington.jpg in Resources */ = {isa = PBXBuildFile; fileRef = 885382EC2CCB05CC00BEBBE0 /* Ciudad Washington.jpg */; };
		885382F12CCB05CC00BEBBE0 /* Ciudad Paris.jpg in Resources */ = {isa = PBXBuildFile; fileRef = 885382EA2CCB05CC00BEBBE0 /* Ciudad Paris.jpg */; };
		885382F22CCB05CC00BEBBE0 /* Ciudad Mexico.jpg in Resources */ = {isa = PBXBuildFile; fileRef = 885382E92CCB05CC00BEBBE0 /* Ciudad Mexico.jpg */; };
		885382F32CCB05CC00BEBBE0 /* Ciudad Tokio.jpg in Resources */ = {isa = PBXBuildFile; fileRef = 885382EB2CCB05CC00BEBBE0 /* Ciudad Tokio.jpg */; };
		885382F62CCB07B100BEBBE0 /* MapKit.framework in Frameworks */ = {isa = PBXBuildFile; fileRef = 885382F52CCB07B100BEBBE0 /* MapKit.framework */; };
/* End PBXBuildFile section */

/* Begin PBXFileReference section */
		88135D662CC872F200BBC40D /* MAPA.app */ = {isa = PBXFileReference; explicitFileType = wrapper.application; includeInIndex = 0; path = MAPA.app; sourceTree = BUILT_PRODUCTS_DIR; };
		885382E72CCB05CC00BEBBE0 /* Archivo LatLon Ciudades.rtf */ = {isa = PBXFileReference; lastKnownFileType = text.rtf; path = "Archivo LatLon Ciudades.rtf"; sourceTree = "<group>"; };
		885382E82CCB05CC00BEBBE0 /* Ciudad Berlin.jpg */ = {isa = PBXFileReference; lastKnownFileType = image.jpeg; path = "Ciudad Berlin.jpg"; sourceTree = "<group>"; };
		885382E92CCB05CC00BEBBE0 /* Ciudad Mexico.jpg */ = {isa = PBXFileReference; lastKnownFileType = image.jpeg; path = "Ciudad Mexico.jpg"; sourceTree = "<group>"; };
		885382EA2CCB05CC00BEBBE0 /* Ciudad Paris.jpg */ = {isa = PBXFileReference; lastKnownFileType = image.jpeg; path = "Ciudad Paris.jpg"; sourceTree = "<group>"; };
		885382EB2CCB05CC00BEBBE0 /* Ciudad Tokio.jpg */ = {isa = PBXFileReference; lastKnownFileType = image.jpeg; path = "Ciudad Tokio.jpg"; sourceTree = "<group>"; };
		885382EC2CCB05CC00BEBBE0 /* Ciudad Washington.jpg */ = {isa = PBXFileReference; lastKnownFileType = image.jpeg; path = "Ciudad Washington.jpg"; sourceTree = "<group>"; };
		885382F52CCB07B100BEBBE0 /* MapKit.framework */ = {isa = PBXFileReference; lastKnownFileType = wrapper.framework; name = MapKit.framework; path = System/Library/Frameworks/MapKit.framework; sourceTree = SDKROOT; };
/* End PBXFileReference section */

/* Begin PBXFileSystemSynchronizedBuildFileExceptionSet section */
		88135D782CC872FC00BBC40D /* PBXFileSystemSynchronizedBuildFileExceptionSet */ = {
			isa = PBXFileSystemSynchronizedBuildFileExceptionSet;
			membershipExceptions = (
				Info.plist,
			);
			target = 88135D652CC872F200BBC40D /* MAPA */;
		};
/* End PBXFileSystemSynchronizedBuildFileExceptionSet section */

/* Begin PBXFileSystemSynchronizedRootGroup section */
		88135D682CC872F200BBC40D /* MAPA */ = {isa = PBXFileSystemSynchronizedRootGroup; exceptions = (88135D782CC872FC00BBC40D /* PBXFileSystemSynchronizedBuildFileExceptionSet */, ); explicitFileTypes = {}; explicitFolders = (); path = MAPA; sourceTree = "<group>"; };
/* End PBXFileSystemSynchronizedRootGroup section */

/* Begin PBXFrameworksBuildPhase section */
		88135D632CC872F200BBC40D /* Frameworks */ = {
			isa = PBXFrameworksBuildPhase;
			buildActionMask = 2147483647;
			files = (
				885382F62CCB07B100BEBBE0 /* MapKit.framework in Frameworks */,
			);
			runOnlyForDeploymentPostprocessing = 0;
		};
/* End PBXFrameworksBuildPhase section */

/* Begin PBXGroup section */
		88135D5D2CC872F200BBC40D = {
			isa = PBXGroup;
			children = (
				885382ED2CCB05CC00BEBBE0 /* Ciudades 2 */,
				88135D682CC872F200BBC40D /* MAPA */,
				885382F42CCB07B100BEBBE0 /* Frameworks */,
				88135D672CC872F200BBC40D /* Products */,
			);
			sourceTree = "<group>";
		};
		88135D672CC872F200BBC40D /* Products */ = {
			isa = PBXGroup;
			children = (
				88135D662CC872F200BBC40D /* MAPA.app */,
			);
			name = Products;
			sourceTree = "<group>";
		};
		885382ED2CCB05CC00BEBBE0 /* Ciudades 2 */ = {
			isa = PBXGroup;
			children = (
				885382E72CCB05CC00BEBBE0 /* Archivo LatLon Ciudades.rtf */,
				885382E82CCB05CC00BEBBE0 /* Ciudad Berlin.jpg */,
				885382E92CCB05CC00BEBBE0 /* Ciudad Mexico.jpg */,
				885382EA2CCB05CC00BEBBE0 /* Ciudad Paris.jpg */,
				885382EB2CCB05CC00BEBBE0 /* Ciudad Tokio.jpg */,
				885382EC2CCB05CC00BEBBE0 /* Ciudad Washington.jpg */,
			);
			path = "Ciudades 2";
			sourceTree = "<group>";
		};
		885382F42CCB07B100BEBBE0 /* Frameworks */ = {
			isa = PBXGroup;
			children = (
				885382F52CCB07B100BEBBE0 /* MapKit.framework */,
			);
			name = Frameworks;
			sourceTree = "<group>";
		};
/* End PBXGroup section */

/* Begin PBXNativeTarget section */
		88135D652CC872F200BBC40D /* MAPA */ = {
			isa = PBXNativeTarget;
			buildConfigurationList = 88135D792CC872FC00BBC40D /* Build configuration list for PBXNativeTarget "MAPA" */;
			buildPhases = (
				88135D622CC872F200BBC40D /* Sources */,
				88135D632CC872F200BBC40D /* Frameworks */,
				88135D642CC872F200BBC40D /* Resources */,
			);
			buildRules = (
			);
			dependencies = (
			);
			fileSystemSynchronizedGroups = (
				88135D682CC872F200BBC40D /* MAPA */,
			);
			name = MAPA;
			packageProductDependencies = (
			);
			productName = MAPA;
			productReference = 88135D662CC872F200BBC40D /* MAPA.app */;
			productType = "com.apple.product-type.application";
		};
/* End PBXNativeTarget section */

/* Begin PBXProject section */
		88135D5E2CC872F200BBC40D /* Project object */ = {
			isa = PBXProject;
			attributes = {
				BuildIndependentTargetsInParallel = 1;
				LastSwiftUpdateCheck = 1600;
				LastUpgradeCheck = 1600;
				TargetAttributes = {
					88135D652CC872F200BBC40D = {
						CreatedOnToolsVersion = 16.0;
					};
				};
			};
			buildConfigurationList = 88135D612CC872F200BBC40D /* Build configuration list for PBXProject "MAPA" */;
			compatibilityVersion = "Xcode 12.0";
			developmentRegion = en;
			hasScannedForEncodings = 0;
			knownRegions = (
				en,
				Base,
			);
			mainGroup = 88135D5D2CC872F200BBC40D;
			minimizedProjectReferenceProxies = 1;
			productRefGroup = 88135D672CC872F200BBC40D /* Products */;
			projectDirPath = "";
			projectRoot = "";
			targets = (
				88135D652CC872F200BBC40D /* MAPA */,
			);
		};
/* End PBXProject section */

/* Begin PBXResourcesBuildPhase section */
		88135D642CC872F200BBC40D /* Resources */ = {
			isa = PBXResourcesBuildPhase;
			buildActionMask = 2147483647;
			files = (
				885382EE2CCB05CC00BEBBE0 /* Ciudad Berlin.jpg in Resources */,
				885382EF2CCB05CC00BEBBE0 /* Archivo LatLon Ciudades.rtf in Resources */,
				885382F02CCB05CC00BEBBE0 /* Ciudad Washington.jpg in Resources */,
				885382F12CCB05CC00BEBBE0 /* Ciudad Paris.jpg in Resources */,
				885382F22CCB05CC00BEBBE0 /* Ciudad Mexico.jpg in Resources */,
				885382F32CCB05CC00BEBBE0 /* Ciudad Tokio.jpg in Resources */,
			);
			runOnlyForDeploymentPostprocessing = 0;
		};
/* End PBXResourcesBuildPhase section */

/* Begin PBXSourcesBuildPhase section */
		88135D622CC872F200BBC40D /* Sources */ = {
			isa = PBXSourcesBuildPhase;
			buildActionMask = 2147483647;
			files = (
			);
			runOnlyForDeploymentPostprocessing = 0;
		};
/* End PBXSourcesBuildPhase section */

/* Begin XCBuildConfiguration section */
		88135D7A2CC872FC00BBC40D /* Debug */ = {
			isa = XCBuildConfiguration;
			buildSettings = {
				ASSETCATALOG_COMPILER_APPICON_NAME = AppIcon;
				ASSETCATALOG_COMPILER_GLOBAL_ACCENT_COLOR_NAME = AccentColor;
				CODE_SIGN_STYLE = Automatic;
				CURRENT_PROJECT_VERSION = 1;
				DEVELOPMENT_TEAM = R84BK75L55;
				GENERATE_INFOPLIST_FILE = YES;
				INFOPLIST_FILE = MAPA/Info.plist;
				INFOPLIST_KEY_UIApplicationSupportsIndirectInputEvents = YES;
				INFOPLIST_KEY_UILaunchStoryboardName = LaunchScreen;
				INFOPLIST_KEY_UIMainStoryboardFile = Main;
				INFOPLIST_KEY_UISupportedInterfaceOrientations_iPad = "UIInterfaceOrientationPortrait UIInterfaceOrientationPortraitUpsideDown UIInterfaceOrientationLandscapeLeft UIInterfaceOrientationLandscapeRight";
				INFOPLIST_KEY_UISupportedInterfaceOrientations_iPhone = "UIInterfaceOrientationPortrait UIInterfaceOrientationLandscapeLeft UIInterfaceOrientationLandscapeRight";
				IPHONEOS_DEPLOYMENT_TARGET = 14.1;
				LD_RUNPATH_SEARCH_PATHS = (
					"$(inherited)",
					"@executable_path/Frameworks",
				);
				MARKETING_VERSION = 1.0;
				PRODUCT_BUNDLE_IDENTIFIER = UTT.MAPA;
				PRODUCT_NAME = "$(TARGET_NAME)";
				SUPPORTED_PLATFORMS = "iphoneos iphonesimulator";
				SUPPORTS_MACCATALYST = NO;
				SUPPORTS_MAC_DESIGNED_FOR_IPHONE_IPAD = NO;
				SUPPORTS_XR_DESIGNED_FOR_IPHONE_IPAD = NO;
				SWIFT_EMIT_LOC_STRINGS = YES;
				SWIFT_VERSION = 5.0;
				TARGETED_DEVICE_FAMILY = 1;
			};
			name = Debug;
		};
		88135D7B2CC872FC00BBC40D /* Release */ = {
			isa = XCBuildConfiguration;
			buildSettings = {
				ASSETCATALOG_COMPILER_APPICON_NAME = AppIcon;
				ASSETCATALOG_COMPILER_GLOBAL_ACCENT_COLOR_NAME = AccentColor;
				CODE_SIGN_STYLE = Automatic;
				CURRENT_PROJECT_VERSION = 1;
				DEVELOPMENT_TEAM = R84BK75L55;
				GENERATE_INFOPLIST_FILE = YES;
				INFOPLIST_FILE = MAPA/Info.plist;
				INFOPLIST_KEY_UIApplicationSupportsIndirectInputEvents = YES;
				INFOPLIST_KEY_UILaunchStoryboardName = LaunchScreen;
				INFOPLIST_KEY_UIMainStoryboardFile = Main;
				INFOPLIST_KEY_UISupportedInterfaceOrientations_iPad = "UIInterfaceOrientationPortrait UIInterfaceOrientationPortraitUpsideDown UIInterfaceOrientationLandscapeLeft UIInterfaceOrientationLandscapeRight";
				INFOPLIST_KEY_UISupportedInterfaceOrientations_iPhone = "UIInterfaceOrientationPortrait UIInterfaceOrientationLandscapeLeft UIInterfaceOrientationLandscapeRight";
				IPHONEOS_DEPLOYMENT_TARGET = 14.1;
				LD_RUNPATH_SEARCH_PATHS = (
					"$(inherited)",
					"@executable_path/Frameworks",
				);
				MARKETING_VERSION = 1.0;
				PRODUCT_BUNDLE_IDENTIFIER = UTT.MAPA;
				PRODUCT_NAME = "$(TARGET_NAME)";
				SUPPORTED_PLATFORMS = "iphoneos iphonesimulator";
				SUPPORTS_MACCATALYST = NO;
				SUPPORTS_MAC_DESIGNED_FOR_IPHONE_IPAD = NO;
				SUPPORTS_XR_DESIGNED_FOR_IPHONE_IPAD = NO;
				SWIFT_EMIT_LOC_STRINGS = YES;
				SWIFT_VERSION = 5.0;
				TARGETED_DEVICE_FAMILY = 1;
			};
			name = Release;
		};
		88135D7C2CC872FC00BBC40D /* Debug */ = {
			isa = XCBuildConfiguration;
			buildSettings = {
				ALWAYS_SEARCH_USER_PATHS = NO;
				ASSETCATALOG_COMPILER_GENERATE_SWIFT_ASSET_SYMBOL_EXTENSIONS = YES;
				CLANG_ANALYZER_NONNULL = YES;
				CLANG_ANALYZER_NUMBER_OBJECT_CONVERSION = YES_AGGRESSIVE;
				CLANG_CXX_LANGUAGE_STANDARD = "gnu++20";
				CLANG_ENABLE_MODULES = YES;
				CLANG_ENABLE_OBJC_ARC = YES;
				CLANG_ENABLE_OBJC_WEAK = YES;
				CLANG_WARN_BLOCK_CAPTURE_AUTORELEASING = YES;
				CLANG_WARN_BOOL_CONVERSION = YES;
				CLANG_WARN_COMMA = YES;
				CLANG_WARN_CONSTANT_CONVERSION = YES;
				CLANG_WARN_DEPRECATED_OBJC_IMPLEMENTATIONS = YES;
				CLANG_WARN_DIRECT_OBJC_ISA_USAGE = YES_ERROR;
				CLANG_WARN_DOCUMENTATION_COMMENTS = YES;
				CLANG_WARN_EMPTY_BODY = YES;
				CLANG_WARN_ENUM_CONVERSION = YES;
				CLANG_WARN_INFINITE_RECURSION = YES;
				CLANG_WARN_INT_CONVERSION = YES;
				CLANG_WARN_NON_LITERAL_NULL_CONVERSION = YES;
				CLANG_WARN_OBJC_IMPLICIT_RETAIN_SELF = YES;
				CLANG_WARN_OBJC_LITERAL_CONVERSION = YES;
				CLANG_WARN_OBJC_ROOT_CLASS = YES_ERROR;
				CLANG_WARN_QUOTED_INCLUDE_IN_FRAMEWORK_HEADER = YES;
				CLANG_WARN_RANGE_LOOP_ANALYSIS = YES;
				CLANG_WARN_STRICT_PROTOTYPES = YES;
				CLANG_WARN_SUSPICIOUS_MOVE = YES;
				CLANG_WARN_UNGUARDED_AVAILABILITY = YES_AGGRESSIVE;
				CLANG_WARN_UNREACHABLE_CODE = YES;
				CLANG_WARN__DUPLICATE_METHOD_MATCH = YES;
				COPY_PHASE_STRIP = NO;
				DEBUG_INFORMATION_FORMAT = dwarf;
				ENABLE_STRICT_OBJC_MSGSEND = YES;
				ENABLE_TESTABILITY = YES;
				ENABLE_USER_SCRIPT_SANDBOXING = YES;
				GCC_C_LANGUAGE_STANDARD = gnu17;
				GCC_DYNAMIC_NO_PIC = NO;
				GCC_NO_COMMON_BLOCKS = YES;
				GCC_OPTIMIZATION_LEVEL = 0;
				GCC_PREPROCESSOR_DEFINITIONS = (
					"DEBUG=1",
					"$(inherited)",
				);
				GCC_WARN_64_TO_32_BIT_CONVERSION = YES;
				GCC_WARN_ABOUT_RETURN_TYPE = YES_ERROR;
				GCC_WARN_UNDECLARED_SELECTOR = YES;
				GCC_WARN_UNINITIALIZED_AUTOS = YES_AGGRESSIVE;
				GCC_WARN_UNUSED_FUNCTION = YES;
				GCC_WARN_UNUSED_VARIABLE = YES;
				IPHONEOS_DEPLOYMENT_TARGET = 18.0;
				LOCALIZATION_PREFERS_STRING_CATALOGS = YES;
				MTL_ENABLE_DEBUG_INFO = INCLUDE_SOURCE;
				MTL_FAST_MATH = YES;
				ONLY_ACTIVE_ARCH = YES;
				SDKROOT = iphoneos;
				SWIFT_ACTIVE_COMPILATION_CONDITIONS = "DEBUG $(inherited)";
				SWIFT_OPTIMIZATION_LEVEL = "-Onone";
			};
			name = Debug;
		};
		88135D7D2CC872FC00BBC40D /* Release */ = {
			isa = XCBuildConfiguration;
			buildSettings = {
				ALWAYS_SEARCH_USER_PATHS = NO;
				ASSETCATALOG_COMPILER_GENERATE_SWIFT_ASSET_SYMBOL_EXTENSIONS = YES;
				CLANG_ANALYZER_NONNULL = YES;
				CLANG_ANALYZER_NUMBER_OBJECT_CONVERSION = YES_AGGRESSIVE;
				CLANG_CXX_LANGUAGE_STANDARD = "gnu++20";
				CLANG_ENABLE_MODULES = YES;
				CLANG_ENABLE_OBJC_ARC = YES;
				CLANG_ENABLE_OBJC_WEAK = YES;
				CLANG_WARN_BLOCK_CAPTURE_AUTORELEASING = YES;
				CLANG_WARN_BOOL_CONVERSION = YES;
				CLANG_WARN_COMMA = YES;
				CLANG_WARN_CONSTANT_CONVERSION = YES;
				CLANG_WARN_DEPRECATED_OBJC_IMPLEMENTATIONS = YES;
				CLANG_WARN_DIRECT_OBJC_ISA_USAGE = YES_ERROR;
				CLANG_WARN_DOCUMENTATION_COMMENTS = YES;
				CLANG_WARN_EMPTY_BODY = YES;
				CLANG_WARN_ENUM_CONVERSION = YES;
				CLANG_WARN_INFINITE_RECURSION = YES;
				CLANG_WARN_INT_CONVERSION = YES;
				CLANG_WARN_NON_LITERAL_NULL_CONVERSION = YES;
				CLANG_WARN_OBJC_IMPLICIT_RETAIN_SELF = YES;
				CLANG_WARN_OBJC_LITERAL_CONVERSION = YES;
				CLANG_WARN_OBJC_ROOT_CLASS = YES_ERROR;
				CLANG_WARN_QUOTED_INCLUDE_IN_FRAMEWORK_HEADER = YES;
				CLANG_WARN_RANGE_LOOP_ANALYSIS = YES;
				CLANG_WARN_STRICT_PROTOTYPES = YES;
				CLANG_WARN_SUSPICIOUS_MOVE = YES;
				CLANG_WARN_UNGUARDED_AVAILABILITY = YES_AGGRESSIVE;
				CLANG_WARN_UNREACHABLE_CODE = YES;
				CLANG_WARN__DUPLICATE_METHOD_MATCH = YES;
				COPY_PHASE_STRIP = NO;
				DEBUG_INFORMATION_FORMAT = "dwarf-with-dsym";
				ENABLE_NS_ASSERTIONS = NO;
				ENABLE_STRICT_OBJC_MSGSEND = YES;
				ENABLE_USER_SCRIPT_SANDBOXING = YES;
				GCC_C_LANGUAGE_STANDARD = gnu17;
				GCC_NO_COMMON_BLOCKS = YES;
				GCC_WARN_64_TO_32_BIT_CONVERSION = YES;
				GCC_WARN_ABOUT_RETURN_TYPE = YES_ERROR;
				GCC_WARN_UNDECLARED_SELECTOR = YES;
				GCC_WARN_UNINITIALIZED_AUTOS = YES_AGGRESSIVE;
				GCC_WARN_UNUSED_FUNCTION = YES;
				GCC_WARN_UNUSED_VARIABLE = YES;
				IPHONEOS_DEPLOYMENT_TARGET = 18.0;
				LOCALIZATION_PREFERS_STRING_CATALOGS = YES;
				MTL_ENABLE_DEBUG_INFO = NO;
				MTL_FAST_MATH = YES;
				SDKROOT = iphoneos;
				SWIFT_COMPILATION_MODE = wholemodule;
				VALIDATE_PRODUCT = YES;
			};
			name = Release;
		};
/* End XCBuildConfiguration section */

/* Begin XCConfigurationList section */
		88135D612CC872F200BBC40D /* Build configuration list for PBXProject "MAPA" */ = {
			isa = XCConfigurationList;
			buildConfigurations = (
				88135D7C2CC872FC00BBC40D /* Debug */,
				88135D7D2CC872FC00BBC40D /* Release */,
			);
			defaultConfigurationIsVisible = 0;
			defaultConfigurationName = Release;
		};
		88135D792CC872FC00BBC40D /* Build configuration list for PBXNativeTarget "MAPA" */ = {
			isa = XCConfigurationList;
			buildConfigurations = (
				88135D7A2CC872FC00BBC40D /* Debug */,
				88135D7B2CC872FC00BBC40D /* Release */,
			);
			defaultConfigurationIsVisible = 0;
			defaultConfigurationName = Release;
		};
/* End XCConfigurationList section */
	};
	rootObject = 88135D5E2CC872F200BBC40D /* Project object */;
}
